Microsoft Visual Studio Solution File, Format Version 12.00
# Visual Studio Version 17
VisualStudioVersion = 17.5.2.0
MinimumVisualStudioVersion = 10.0.40219.1
Project("{FAE04EC0-301F-11D3-BF4B-00C04F79EFBC}") = "EvolutionSandbox", "EvolutionSandbox.csproj", "{D7D7FA62-2045-2B33-68BB-FECC00BC5F17}"
EndProject
Global
	GlobalSection(SolutionConfigurationPlatforms) = preSolution
		Debug|Any CPU = Debug|Any CPU
		Release|Any CPU = Release|Any CPU
	EndGlobalSection
	GlobalSection(ProjectConfigurationPlatforms) = postSolution
		{D7D7FA62-2045-2B33-68BB-FECC00BC5F17}.Debug|Any CPU.ActiveCfg = Debug|Any CPU
		{D7D7FA62-2045-2B33-68BB-FECC00BC5F17}.Debug|Any CPU.Build.0 = Debug|Any CPU
		{D7D7FA62-2045-2B33-68BB-FECC00BC5F17}.Release|Any CPU.ActiveCfg = Release|Any CPU
		{D7D7FA62-2045-2B33-68BB-FECC00BC5F17}.Release|Any CPU.Build.0 = Release|Any CPU
	EndGlobalSection
	GlobalSection(SolutionProperties) = preSolution
		HideSolutionNode = FALSE
	EndGlobalSection
	GlobalSection(ExtensibilityGlobals) = postSolution
		SolutionGuid = {A3EC78FF-AE7E-4A34-8B9B-6184FE0AA1CA}
	EndGlobalSection
EndGlobal
